PODS:
  - FBSnapshotTestCase (2.1.4):
    - FBSnapshotTestCase/SwiftSupport (= 2.1.4)
  - FBSnapshotTestCase/Core (2.1.4)
  - FBSnapshotTestCase/SwiftSupport (2.1.4):
    - FBSnapshotTestCase/Core
  - Kiwi (2.4.0)
  - WriteFileSupportSpec (0.1.0)

DEPENDENCIES:
  - FBSnapshotTestCase
  - Kiwi
  - WriteFileSupportSpec (from `../`)

EXTERNAL SOURCES:
  WriteFileSupportSpec:
    :path: "../"

SPEC CHECKSUMS:
  FBSnapshotTestCase: 094f9f314decbabe373b87cc339bea235a63e07a
  Kiwi: f49c9d54b28917df5928fe44968a39ed198cb8a8
  WriteFileSupportSpec: 11e85a6faca096e0c44a46436b16db74471d1313

PODFILE CHECKSUM: 0cdf865ca3a685c20d629222d6b3b3e1d5150b1b

COCOAPODS: 1.2.0
